{
  "nodes": {
    "nixpkgs": {
      "locked": {
        "lastModified": 1723175592,
        "narHash": "sha256-M0xJ3FbDUc4fRZ84dPGx5VvgFsOzds77KiBMW/mMTnI=",
        "rev": "5e0ca22929f3342b19569b21b2f3462f053e497b",
        "revCount": 664135,
        "type": "tarball",
        "url": "https://api.flakehub.com/f/pinned/NixOS/nixpkgs/0.1.664135%2Brev-5e0ca22929f3342b19569b21b2f3462f053e497b/01913a50-6857-72ba-a1d4-99060580253e/source.tar.gz"
      },
      "original": {
        "type": "tarball",
        "url": "https://flakehub.com/f/NixOS/nixpkgs/0.1.%2A.tar.gz"
      }
    },
    "root": {
      "inputs": {
        "nixpkgs": "nixpkgs",
        "rust-overlay": "rust-overlay"
      }
    },
    "rust-overlay": {
      "inputs": {
        "nixpkgs": [
          "nixpkgs"
        ]
      },
      "locked": {
        "lastModified": 1723429325,
        "narHash": "sha256-4x/32xTCd+xCwFoI/kKSiCr5LQA2ZlyTRYXKEni5HR8=",
        "owner": "oxalica",
        "repo": "rust-overlay",
        "rev": "65e3dc0fe079fe8df087cd38f1fe6836a0373aad",
        "type": "github"
      },
      "original": {
        "owner": "oxalica",
        "repo": "rust-overlay",
        "type": "github"
      }
    }
  },
  "root": "root",
  "version": 7
}
